
Microsoft Visual Studio Solution File, Format Version 12.00
# Visual Studio 14
VisualStudioVersion = 14.0.23107.0
MinimumVisualStudioVersion = 10.0.40219.1
Project("{FAE04EC0-301F-11D3-BF4B-00C04F79EFBC}") = "01. Say Hello!", "01. Say Hello!\01. Say Hello!.csproj", "{219E7E9E-3A58-4195-88E0-A3A727A36399}"
EndProject
Project("{FAE04EC0-301F-11D3-BF4B-00C04F79EFBC}") = "02. Get Largest Number", "02. Get Largest Number\02. Get Largest Number.csproj", "{8716667E-0A75-4686-AAA1-4272DBEBD396}"
EndProject
Global
	GlobalSection(SolutionConfigurationPlatforms) = preSolution
		Debug|Any CPU = Debug|Any CPU
		Release|Any CPU = Release|Any CPU
	EndGlobalSection
	GlobalSection(ProjectConfigurationPlatforms) = postSolution
		{219E7E9E-3A58-4195-88E0-A3A727A36399}.Debug|Any CPU.ActiveCfg = Debug|Any CPU
		{219E7E9E-3A58-4195-88E0-A3A727A36399}.Debug|Any CPU.Build.0 = Debug|Any CPU
		{219E7E9E-3A58-4195-88E0-A3A727A36399}.Release|Any CPU.ActiveCfg = Release|Any CPU
		{219E7E9E-3A58-4195-88E0-A3A727A36399}.Release|Any CPU.Build.0 = Release|Any CPU
		{8716667E-0A75-4686-AAA1-4272DBEBD396}.Debug|Any CPU.ActiveCfg = Debug|Any CPU
		{8716667E-0A75-4686-AAA1-4272DBEBD396}.Debug|Any CPU.Build.0 = Debug|Any CPU
		{8716667E-0A75-4686-AAA1-4272DBEBD396}.Release|Any CPU.ActiveCfg = Release|Any CPU
		{8716667E-0A75-4686-AAA1-4272DBEBD396}.Release|Any CPU.Build.0 = Release|Any CPU
	EndGlobalSection
	GlobalSection(SolutionProperties) = preSolution
		HideSolutionNode = FALSE
	EndGlobalSection
EndGlobal
