
Microsoft Visual Studio Solution File, Format Version 12.00
# Visual Studio 14
VisualStudioVersion = 14.0.23107.0
MinimumVisualStudioVersion = 10.0.40219.1
Project("{FAE04EC0-301F-11D3-BF4B-00C04F79EFBC}") = "01. Say Hello!", "01. Say Hello!\01. Say Hello!.csproj", "{219E7E9E-3A58-4195-88E0-A3A727A36399}"
EndProject
Project("{FAE04EC0-301F-11D3-BF4B-00C04F79EFBC}") = "02. Get Largest Number", "02. Get Largest Number\02. Get Largest Number.csproj", "{8716667E-0A75-4686-AAA1-4272DBEBD396}"
EndProject
Project("{FAE04EC0-301F-11D3-BF4B-00C04F79EFBC}") = "03. English Digit", "03. English Digit\03. English Digit.csproj", "{707F7A10-6B2B-451F-B052-FC67FAA034ED}"
EndProject
Project("{FAE04EC0-301F-11D3-BF4B-00C04F79EFBC}") = "04. Appearance Count", "04. Appearance Count\04. Appearance Count.csproj", "{1D80828C-8152-4477-9334-4507337ABC0A}"
EndProject
Project("{FAE04EC0-301F-11D3-BF4B-00C04F79EFBC}") = "07. Reverse Number", "07. Reverse Number\07. Reverse Number.csproj", "{7D6D1690-92E6-4320-8A7E-C0EEB04F9895}"
EndProject
Project("{FAE04EC0-301F-11D3-BF4B-00C04F79EFBC}") = "05. Larger Than Neighbours", "05. Larger Than Neighbours\05. Larger Than Neighbours.csproj", "{D7BAC9F2-EF6B-4DED-90D1-126268ED6A3E}"
EndProject
Project("{FAE04EC0-301F-11D3-BF4B-00C04F79EFBC}") = "06. First Larger Than Neighbours", "06. First Larger Than Neighbours\06. First Larger Than Neighbours.csproj", "{AD66BFD3-170E-4313-85D8-18C6F328C976}"
EndProject
Project("{FAE04EC0-301F-11D3-BF4B-00C04F79EFBC}") = "08. Numbers As Array", "08. Numbers As Array\08. Numbers As Array.csproj", "{3FD070A2-2916-47D8-852E-64BFA2C95A7D}"
EndProject
Project("{FAE04EC0-301F-11D3-BF4B-00C04F79EFBC}") = "09. Sorting Array", "09. Sorting Array\09. Sorting Array.csproj", "{A67411D5-78E8-4DAE-B710-4F7414B02405}"
EndProject
Project("{FAE04EC0-301F-11D3-BF4B-00C04F79EFBC}") = "10. N Factorial", "10. N Factorial\10. N Factorial.csproj", "{C03CEAC2-D96E-428A-A444-9CEE30FB2C44}"
EndProject
Project("{FAE04EC0-301F-11D3-BF4B-00C04F79EFBC}") = "11. Adding Polynomials", "11. Adding Polynomials\11. Adding Polynomials.csproj", "{C6173DD6-D930-4573-97B3-00055B978AE4}"
EndProject
Project("{FAE04EC0-301F-11D3-BF4B-00C04F79EFBC}") = "12. Subtracting Polynomials", "12. Subtracting Polynomials\12. Subtracting Polynomials.csproj", "{1DF4743E-98A0-4D90-97D3-00494CC84E8E}"
EndProject
Project("{FAE04EC0-301F-11D3-BF4B-00C04F79EFBC}") = "13. Solve Tasks", "13. Solve Tasks\13. Solve Tasks.csproj", "{88A96A60-603C-458A-A472-BE321E350851}"
EndProject
Project("{FAE04EC0-301F-11D3-BF4B-00C04F79EFBC}") = "14. Integer Calculations", "14. Integer Calculations\14. Integer Calculations.csproj", "{1D19B420-9C44-4045-97C4-120E9BD5F442}"
EndProject
Project("{FAE04EC0-301F-11D3-BF4B-00C04F79EFBC}") = "15. Number Calculations", "15. Number Calculations\15. Number Calculations.csproj", "{4D9574D5-EA17-48C2-92FD-AC9772769B7A}"
EndProject
Global
	GlobalSection(SolutionConfigurationPlatforms) = preSolution
		Debug|Any CPU = Debug|Any CPU
		Release|Any CPU = Release|Any CPU
	EndGlobalSection
	GlobalSection(ProjectConfigurationPlatforms) = postSolution
		{219E7E9E-3A58-4195-88E0-A3A727A36399}.Debug|Any CPU.ActiveCfg = Debug|Any CPU
		{219E7E9E-3A58-4195-88E0-A3A727A36399}.Debug|Any CPU.Build.0 = Debug|Any CPU
		{219E7E9E-3A58-4195-88E0-A3A727A36399}.Release|Any CPU.ActiveCfg = Release|Any CPU
		{219E7E9E-3A58-4195-88E0-A3A727A36399}.Release|Any CPU.Build.0 = Release|Any CPU
		{8716667E-0A75-4686-AAA1-4272DBEBD396}.Debug|Any CPU.ActiveCfg = Debug|Any CPU
		{8716667E-0A75-4686-AAA1-4272DBEBD396}.Debug|Any CPU.Build.0 = Debug|Any CPU
		{8716667E-0A75-4686-AAA1-4272DBEBD396}.Release|Any CPU.ActiveCfg = Release|Any CPU
		{8716667E-0A75-4686-AAA1-4272DBEBD396}.Release|Any CPU.Build.0 = Release|Any CPU
		{707F7A10-6B2B-451F-B052-FC67FAA034ED}.Debug|Any CPU.ActiveCfg = Debug|Any CPU
		{707F7A10-6B2B-451F-B052-FC67FAA034ED}.Debug|Any CPU.Build.0 = Debug|Any CPU
		{707F7A10-6B2B-451F-B052-FC67FAA034ED}.Release|Any CPU.ActiveCfg = Release|Any CPU
		{707F7A10-6B2B-451F-B052-FC67FAA034ED}.Release|Any CPU.Build.0 = Release|Any CPU
		{1D80828C-8152-4477-9334-4507337ABC0A}.Debug|Any CPU.ActiveCfg = Debug|Any CPU
		{1D80828C-8152-4477-9334-4507337ABC0A}.Debug|Any CPU.Build.0 = Debug|Any CPU
		{1D80828C-8152-4477-9334-4507337ABC0A}.Release|Any CPU.ActiveCfg = Release|Any CPU
		{1D80828C-8152-4477-9334-4507337ABC0A}.Release|Any CPU.Build.0 = Release|Any CPU
		{7D6D1690-92E6-4320-8A7E-C0EEB04F9895}.Debug|Any CPU.ActiveCfg = Debug|Any CPU
		{7D6D1690-92E6-4320-8A7E-C0EEB04F9895}.Debug|Any CPU.Build.0 = Debug|Any CPU
		{7D6D1690-92E6-4320-8A7E-C0EEB04F9895}.Release|Any CPU.ActiveCfg = Release|Any CPU
		{7D6D1690-92E6-4320-8A7E-C0EEB04F9895}.Release|Any CPU.Build.0 = Release|Any CPU
		{D7BAC9F2-EF6B-4DED-90D1-126268ED6A3E}.Debug|Any CPU.ActiveCfg = Debug|Any CPU
		{D7BAC9F2-EF6B-4DED-90D1-126268ED6A3E}.Debug|Any CPU.Build.0 = Debug|Any CPU
		{D7BAC9F2-EF6B-4DED-90D1-126268ED6A3E}.Release|Any CPU.ActiveCfg = Release|Any CPU
		{D7BAC9F2-EF6B-4DED-90D1-126268ED6A3E}.Release|Any CPU.Build.0 = Release|Any CPU
		{AD66BFD3-170E-4313-85D8-18C6F328C976}.Debug|Any CPU.ActiveCfg = Debug|Any CPU
		{AD66BFD3-170E-4313-85D8-18C6F328C976}.Debug|Any CPU.Build.0 = Debug|Any CPU
		{AD66BFD3-170E-4313-85D8-18C6F328C976}.Release|Any CPU.ActiveCfg = Release|Any CPU
		{AD66BFD3-170E-4313-85D8-18C6F328C976}.Release|Any CPU.Build.0 = Release|Any CPU
		{3FD070A2-2916-47D8-852E-64BFA2C95A7D}.Debug|Any CPU.ActiveCfg = Debug|Any CPU
		{3FD070A2-2916-47D8-852E-64BFA2C95A7D}.Debug|Any CPU.Build.0 = Debug|Any CPU
		{3FD070A2-2916-47D8-852E-64BFA2C95A7D}.Release|Any CPU.ActiveCfg = Release|Any CPU
		{3FD070A2-2916-47D8-852E-64BFA2C95A7D}.Release|Any CPU.Build.0 = Release|Any CPU
		{A67411D5-78E8-4DAE-B710-4F7414B02405}.Debug|Any CPU.ActiveCfg = Debug|Any CPU
		{A67411D5-78E8-4DAE-B710-4F7414B02405}.Debug|Any CPU.Build.0 = Debug|Any CPU
		{A67411D5-78E8-4DAE-B710-4F7414B02405}.Release|Any CPU.ActiveCfg = Release|Any CPU
		{A67411D5-78E8-4DAE-B710-4F7414B02405}.Release|Any CPU.Build.0 = Release|Any CPU
		{C03CEAC2-D96E-428A-A444-9CEE30FB2C44}.Debug|Any CPU.ActiveCfg = Debug|Any CPU
		{C03CEAC2-D96E-428A-A444-9CEE30FB2C44}.Debug|Any CPU.Build.0 = Debug|Any CPU
		{C03CEAC2-D96E-428A-A444-9CEE30FB2C44}.Release|Any CPU.ActiveCfg = Release|Any CPU
		{C03CEAC2-D96E-428A-A444-9CEE30FB2C44}.Release|Any CPU.Build.0 = Release|Any CPU
		{C6173DD6-D930-4573-97B3-00055B978AE4}.Debug|Any CPU.ActiveCfg = Debug|Any CPU
		{C6173DD6-D930-4573-97B3-00055B978AE4}.Debug|Any CPU.Build.0 = Debug|Any CPU
		{C6173DD6-D930-4573-97B3-00055B978AE4}.Release|Any CPU.ActiveCfg = Release|Any CPU
		{C6173DD6-D930-4573-97B3-00055B978AE4}.Release|Any CPU.Build.0 = Release|Any CPU
		{1DF4743E-98A0-4D90-97D3-00494CC84E8E}.Debug|Any CPU.ActiveCfg = Debug|Any CPU
		{1DF4743E-98A0-4D90-97D3-00494CC84E8E}.Debug|Any CPU.Build.0 = Debug|Any CPU
		{1DF4743E-98A0-4D90-97D3-00494CC84E8E}.Release|Any CPU.ActiveCfg = Release|Any CPU
		{1DF4743E-98A0-4D90-97D3-00494CC84E8E}.Release|Any CPU.Build.0 = Release|Any CPU
		{88A96A60-603C-458A-A472-BE321E350851}.Debug|Any CPU.ActiveCfg = Debug|Any CPU
		{88A96A60-603C-458A-A472-BE321E350851}.Debug|Any CPU.Build.0 = Debug|Any CPU
		{88A96A60-603C-458A-A472-BE321E350851}.Release|Any CPU.ActiveCfg = Release|Any CPU
		{88A96A60-603C-458A-A472-BE321E350851}.Release|Any CPU.Build.0 = Release|Any CPU
		{1D19B420-9C44-4045-97C4-120E9BD5F442}.Debug|Any CPU.ActiveCfg = Debug|Any CPU
		{1D19B420-9C44-4045-97C4-120E9BD5F442}.Debug|Any CPU.Build.0 = Debug|Any CPU
		{1D19B420-9C44-4045-97C4-120E9BD5F442}.Release|Any CPU.ActiveCfg = Release|Any CPU
		{1D19B420-9C44-4045-97C4-120E9BD5F442}.Release|Any CPU.Build.0 = Release|Any CPU
		{4D9574D5-EA17-48C2-92FD-AC9772769B7A}.Debug|Any CPU.ActiveCfg = Debug|Any CPU
		{4D9574D5-EA17-48C2-92FD-AC9772769B7A}.Debug|Any CPU.Build.0 = Debug|Any CPU
		{4D9574D5-EA17-48C2-92FD-AC9772769B7A}.Release|Any CPU.ActiveCfg = Release|Any CPU
		{4D9574D5-EA17-48C2-92FD-AC9772769B7A}.Release|Any CPU.Build.0 = Release|Any CPU
	EndGlobalSection
	GlobalSection(SolutionProperties) = preSolution
		HideSolutionNode = FALSE
	EndGlobalSection
EndGlobal
