
Microsoft Visual Studio Solution File, Format Version 12.00
# Visual Studio 14
VisualStudioVersion = 14.0.25420.1
MinimumVisualStudioVersion = 10.0.40219.1
Project("{FAE04EC0-301F-11D3-BF4B-00C04F79EFBC}") = "BooleanToStringConverter", "BooleanToStringConverter\BooleanToStringConverter.csproj", "{2E1D8C64-6ADF-43BF-AA83-12C753D9B80D}"
EndProject
Project("{FAE04EC0-301F-11D3-BF4B-00C04F79EFBC}") = "PersonCreator", "PersonCreator\PersonCreator.csproj", "{A70FB369-D64C-42D9-AF84-6FB2D1F1620D}"
EndProject
Project("{FAE04EC0-301F-11D3-BF4B-00C04F79EFBC}") = "mozilla-check-function", "mozilla-check\mozilla-check-function.csproj", "{A62B39E6-7503-4015-B615-0FC5AEEB83A0}"
EndProject
Project("{FAE04EC0-301F-11D3-BF4B-00C04F79EFBC}") = "MineSweeper", "MineSweeper\MineSweeper.csproj", "{E6AD56CC-25D1-4C17-9A3E-74F5076E491D}"
EndProject
Global
	GlobalSection(SolutionConfigurationPlatforms) = preSolution
		Debug|Any CPU = Debug|Any CPU
		Release|Any CPU = Release|Any CPU
	EndGlobalSection
	GlobalSection(ProjectConfigurationPlatforms) = postSolution
		{2E1D8C64-6ADF-43BF-AA83-12C753D9B80D}.Debug|Any CPU.ActiveCfg = Debug|Any CPU
		{2E1D8C64-6ADF-43BF-AA83-12C753D9B80D}.Debug|Any CPU.Build.0 = Debug|Any CPU
		{2E1D8C64-6ADF-43BF-AA83-12C753D9B80D}.Release|Any CPU.ActiveCfg = Release|Any CPU
		{2E1D8C64-6ADF-43BF-AA83-12C753D9B80D}.Release|Any CPU.Build.0 = Release|Any CPU
		{A70FB369-D64C-42D9-AF84-6FB2D1F1620D}.Debug|Any CPU.ActiveCfg = Debug|Any CPU
		{A70FB369-D64C-42D9-AF84-6FB2D1F1620D}.Debug|Any CPU.Build.0 = Debug|Any CPU
		{A70FB369-D64C-42D9-AF84-6FB2D1F1620D}.Release|Any CPU.ActiveCfg = Release|Any CPU
		{A70FB369-D64C-42D9-AF84-6FB2D1F1620D}.Release|Any CPU.Build.0 = Release|Any CPU
		{A62B39E6-7503-4015-B615-0FC5AEEB83A0}.Debug|Any CPU.ActiveCfg = Debug|Any CPU
		{A62B39E6-7503-4015-B615-0FC5AEEB83A0}.Debug|Any CPU.Build.0 = Debug|Any CPU
		{A62B39E6-7503-4015-B615-0FC5AEEB83A0}.Release|Any CPU.ActiveCfg = Release|Any CPU
		{A62B39E6-7503-4015-B615-0FC5AEEB83A0}.Release|Any CPU.Build.0 = Release|Any CPU
		{E6AD56CC-25D1-4C17-9A3E-74F5076E491D}.Debug|Any CPU.ActiveCfg = Debug|Any CPU
		{E6AD56CC-25D1-4C17-9A3E-74F5076E491D}.Debug|Any CPU.Build.0 = Debug|Any CPU
		{E6AD56CC-25D1-4C17-9A3E-74F5076E491D}.Release|Any CPU.ActiveCfg = Release|Any CPU
		{E6AD56CC-25D1-4C17-9A3E-74F5076E491D}.Release|Any CPU.Build.0 = Release|Any CPU
	EndGlobalSection
	GlobalSection(SolutionProperties) = preSolution
		HideSolutionNode = FALSE
	EndGlobalSection
EndGlobal
