
Microsoft Visual Studio Solution File, Format Version 12.00
# Visual Studio 14
VisualStudioVersion = 14.0.25420.1
MinimumVisualStudioVersion = 10.0.40219.1
Project("{2150E333-8FDC-42A3-9474-1A3956D46DE8}") = "Homework", "Homework", "{7D741656-7528-4344-8328-B39B7CD4A329}"
	ProjectSection(SolutionItems) = preProject
		students.xml = students.xml
		students.xsl = students.xsl
		XSLTFile1.xslt = XSLTFile1.xslt
	EndProjectSection
EndProject
Global
	GlobalSection(SolutionProperties) = preSolution
		HideSolutionNode = FALSE
	EndGlobalSection
EndGlobal
