
Microsoft Visual Studio Solution File, Format Version 12.00
# Visual Studio 2013
VisualStudioVersion = 12.0.31101.0
MinimumVisualStudioVersion = 10.0.40219.1
Project("{FAE04EC0-301F-11D3-BF4B-00C04F79EFBC}") = "01. School", "School\01. School.csproj", "{BC98FC9B-A3DE-4337-94F7-00B5665860AD}"
EndProject
Project("{FAE04EC0-301F-11D3-BF4B-00C04F79EFBC}") = "02. StudentsAndWorkers", "StudentsAndWorkers\02. StudentsAndWorkers.csproj", "{407AB2BF-8ED6-4C2F-B2EF-891F539021CE}"
EndProject
Project("{FAE04EC0-301F-11D3-BF4B-00C04F79EFBC}") = "03. Animals", "Animals\03. Animals.csproj", "{A1FCCD7E-DB07-4DED-A682-C92DFD96A1F9}"
EndProject
Global
	GlobalSection(SolutionConfigurationPlatforms) = preSolution
		Debug|Any CPU = Debug|Any CPU
		Release|Any CPU = Release|Any CPU
	EndGlobalSection
	GlobalSection(ProjectConfigurationPlatforms) = postSolution
		{BC98FC9B-A3DE-4337-94F7-00B5665860AD}.Debug|Any CPU.ActiveCfg = Debug|Any CPU
		{BC98FC9B-A3DE-4337-94F7-00B5665860AD}.Debug|Any CPU.Build.0 = Debug|Any CPU
		{BC98FC9B-A3DE-4337-94F7-00B5665860AD}.Release|Any CPU.ActiveCfg = Release|Any CPU
		{BC98FC9B-A3DE-4337-94F7-00B5665860AD}.Release|Any CPU.Build.0 = Release|Any CPU
		{407AB2BF-8ED6-4C2F-B2EF-891F539021CE}.Debug|Any CPU.ActiveCfg = Debug|Any CPU
		{407AB2BF-8ED6-4C2F-B2EF-891F539021CE}.Debug|Any CPU.Build.0 = Debug|Any CPU
		{407AB2BF-8ED6-4C2F-B2EF-891F539021CE}.Release|Any CPU.ActiveCfg = Release|Any CPU
		{407AB2BF-8ED6-4C2F-B2EF-891F539021CE}.Release|Any CPU.Build.0 = Release|Any CPU
		{A1FCCD7E-DB07-4DED-A682-C92DFD96A1F9}.Debug|Any CPU.ActiveCfg = Debug|Any CPU
		{A1FCCD7E-DB07-4DED-A682-C92DFD96A1F9}.Debug|Any CPU.Build.0 = Debug|Any CPU
		{A1FCCD7E-DB07-4DED-A682-C92DFD96A1F9}.Release|Any CPU.ActiveCfg = Release|Any CPU
		{A1FCCD7E-DB07-4DED-A682-C92DFD96A1F9}.Release|Any CPU.Build.0 = Release|Any CPU
	EndGlobalSection
	GlobalSection(SolutionProperties) = preSolution
		HideSolutionNode = FALSE
	EndGlobalSection
EndGlobal
