
Microsoft Visual Studio Solution File, Format Version 12.00
# Visual Studio 14
VisualStudioVersion = 14.0.25420.1
MinimumVisualStudioVersion = 10.0.40219.1
Project("{FAE04EC0-301F-11D3-BF4B-00C04F79EFBC}") = "ArtistSystem.Models", "ArtistSystem.Models\ArtistSystem.Models.csproj", "{50CC5EC3-5ECD-498D-8FD6-281248A67CE2}"
EndProject
Project("{FAE04EC0-301F-11D3-BF4B-00C04F79EFBC}") = "ArtistSystem.Data", "ArtistSystem.Data\ArtistSystem.Data.csproj", "{BC994574-BF73-49F1-8C70-52812BE5E5E6}"
EndProject
Project("{FAE04EC0-301F-11D3-BF4B-00C04F79EFBC}") = "ArtistSystem.ConsoleClient", "ArtistSystem.ConsoleClient\ArtistSystem.ConsoleClient.csproj", "{1BB48F0A-C337-4CDC-A7AC-F1E15442A337}"
EndProject
Global
	GlobalSection(SolutionConfigurationPlatforms) = preSolution
		Debug|Any CPU = Debug|Any CPU
		Release|Any CPU = Release|Any CPU
	EndGlobalSection
	GlobalSection(ProjectConfigurationPlatforms) = postSolution
		{50CC5EC3-5ECD-498D-8FD6-281248A67CE2}.Debug|Any CPU.ActiveCfg = Debug|Any CPU
		{50CC5EC3-5ECD-498D-8FD6-281248A67CE2}.Debug|Any CPU.Build.0 = Debug|Any CPU
		{50CC5EC3-5ECD-498D-8FD6-281248A67CE2}.Release|Any CPU.ActiveCfg = Release|Any CPU
		{50CC5EC3-5ECD-498D-8FD6-281248A67CE2}.Release|Any CPU.Build.0 = Release|Any CPU
		{BC994574-BF73-49F1-8C70-52812BE5E5E6}.Debug|Any CPU.ActiveCfg = Debug|Any CPU
		{BC994574-BF73-49F1-8C70-52812BE5E5E6}.Debug|Any CPU.Build.0 = Debug|Any CPU
		{BC994574-BF73-49F1-8C70-52812BE5E5E6}.Release|Any CPU.ActiveCfg = Release|Any CPU
		{BC994574-BF73-49F1-8C70-52812BE5E5E6}.Release|Any CPU.Build.0 = Release|Any CPU
		{1BB48F0A-C337-4CDC-A7AC-F1E15442A337}.Debug|Any CPU.ActiveCfg = Debug|Any CPU
		{1BB48F0A-C337-4CDC-A7AC-F1E15442A337}.Debug|Any CPU.Build.0 = Debug|Any CPU
		{1BB48F0A-C337-4CDC-A7AC-F1E15442A337}.Release|Any CPU.ActiveCfg = Release|Any CPU
		{1BB48F0A-C337-4CDC-A7AC-F1E15442A337}.Release|Any CPU.Build.0 = Release|Any CPU
	EndGlobalSection
	GlobalSection(SolutionProperties) = preSolution
		HideSolutionNode = FALSE
	EndGlobalSection
EndGlobal
