
Microsoft Visual Studio Solution File, Format Version 12.00
# Visual Studio 2013
VisualStudioVersion = 12.0.31101.0
MinimumVisualStudioVersion = 10.0.40219.1
Project("{FAE04EC0-301F-11D3-BF4B-00C04F79EFBC}") = "01-03. StudentClass", "StudentClass\01-03. StudentClass.csproj", "{F550E5AD-4F2B-4FFC-A80F-DF2322409EDF}"
EndProject
Project("{FAE04EC0-301F-11D3-BF4B-00C04F79EFBC}") = "04. Person", "Person\04. Person.csproj", "{320BCBB5-D644-40DA-9DB1-F6432E55F761}"
EndProject
Project("{FAE04EC0-301F-11D3-BF4B-00C04F79EFBC}") = "64BitArray", "64BitArray\64BitArray.csproj", "{FAB90B54-2A42-43DA-A98C-E37510494A65}"
EndProject
Global
	GlobalSection(SolutionConfigurationPlatforms) = preSolution
		Debug|Any CPU = Debug|Any CPU
		Release|Any CPU = Release|Any CPU
	EndGlobalSection
	GlobalSection(ProjectConfigurationPlatforms) = postSolution
		{F550E5AD-4F2B-4FFC-A80F-DF2322409EDF}.Debug|Any CPU.ActiveCfg = Debug|Any CPU
		{F550E5AD-4F2B-4FFC-A80F-DF2322409EDF}.Debug|Any CPU.Build.0 = Debug|Any CPU
		{F550E5AD-4F2B-4FFC-A80F-DF2322409EDF}.Release|Any CPU.ActiveCfg = Release|Any CPU
		{F550E5AD-4F2B-4FFC-A80F-DF2322409EDF}.Release|Any CPU.Build.0 = Release|Any CPU
		{320BCBB5-D644-40DA-9DB1-F6432E55F761}.Debug|Any CPU.ActiveCfg = Debug|Any CPU
		{320BCBB5-D644-40DA-9DB1-F6432E55F761}.Debug|Any CPU.Build.0 = Debug|Any CPU
		{320BCBB5-D644-40DA-9DB1-F6432E55F761}.Release|Any CPU.ActiveCfg = Release|Any CPU
		{320BCBB5-D644-40DA-9DB1-F6432E55F761}.Release|Any CPU.Build.0 = Release|Any CPU
		{FAB90B54-2A42-43DA-A98C-E37510494A65}.Debug|Any CPU.ActiveCfg = Debug|Any CPU
		{FAB90B54-2A42-43DA-A98C-E37510494A65}.Debug|Any CPU.Build.0 = Debug|Any CPU
		{FAB90B54-2A42-43DA-A98C-E37510494A65}.Release|Any CPU.ActiveCfg = Release|Any CPU
		{FAB90B54-2A42-43DA-A98C-E37510494A65}.Release|Any CPU.Build.0 = Release|Any CPU
	EndGlobalSection
	GlobalSection(SolutionProperties) = preSolution
		HideSolutionNode = FALSE
	EndGlobalSection
EndGlobal
