
Microsoft Visual Studio Solution File, Format Version 12.00
# Visual Studio 14
VisualStudioVersion = 14.0.25420.1
MinimumVisualStudioVersion = 10.0.40219.1
Project("{FAE04EC0-301F-11D3-BF4B-00C04F79EFBC}") = "SimpleMathTester", "SimpleMathTester\SimpleMathTester.csproj", "{F1324702-E303-4FE5-B678-ADC768C805C4}"
EndProject
Project("{FAE04EC0-301F-11D3-BF4B-00C04F79EFBC}") = "AdvancedMathTester", "AdvancedMathTester\AdvancedMathTester.csproj", "{5CE40854-25E1-42D1-BBA8-FC129D51D864}"
EndProject
Global
	GlobalSection(SolutionConfigurationPlatforms) = preSolution
		Debug|Any CPU = Debug|Any CPU
		Release|Any CPU = Release|Any CPU
	EndGlobalSection
	GlobalSection(ProjectConfigurationPlatforms) = postSolution
		{F1324702-E303-4FE5-B678-ADC768C805C4}.Debug|Any CPU.ActiveCfg = Debug|Any CPU
		{F1324702-E303-4FE5-B678-ADC768C805C4}.Debug|Any CPU.Build.0 = Debug|Any CPU
		{F1324702-E303-4FE5-B678-ADC768C805C4}.Release|Any CPU.ActiveCfg = Release|Any CPU
		{F1324702-E303-4FE5-B678-ADC768C805C4}.Release|Any CPU.Build.0 = Release|Any CPU
		{5CE40854-25E1-42D1-BBA8-FC129D51D864}.Debug|Any CPU.ActiveCfg = Debug|Any CPU
		{5CE40854-25E1-42D1-BBA8-FC129D51D864}.Debug|Any CPU.Build.0 = Debug|Any CPU
		{5CE40854-25E1-42D1-BBA8-FC129D51D864}.Release|Any CPU.ActiveCfg = Release|Any CPU
		{5CE40854-25E1-42D1-BBA8-FC129D51D864}.Release|Any CPU.Build.0 = Release|Any CPU
	EndGlobalSection
	GlobalSection(SolutionProperties) = preSolution
		HideSolutionNode = FALSE
	EndGlobalSection
EndGlobal
