
Microsoft Visual Studio Solution File, Format Version 12.00
# Visual Studio 14
VisualStudioVersion = 14.0.23107.0
MinimumVisualStudioVersion = 10.0.40219.1
Project("{FAE04EC0-301F-11D3-BF4B-00C04F79EFBC}") = "01. Numbers From One To N", "01. Numbers From One To N\01. Numbers From One To N.csproj", "{E5C36668-C085-498C-98D2-D7E52CFA9397}"
EndProject
Project("{FAE04EC0-301F-11D3-BF4B-00C04F79EFBC}") = "02. Not Divisible Numbers", "02. Not Divisible Numbers\02. Not Divisible Numbers.csproj", "{9DCDD821-151F-4670-B7AD-A1A482DF59EF}"
EndProject
Project("{FAE04EC0-301F-11D3-BF4B-00C04F79EFBC}") = "03. Min Max Sum Average of N Numbers", "03. Min Max Sum Average of N Numbers\03. Min Max Sum Average of N Numbers.csproj", "{28B73DB5-C640-4C65-8C2F-99128E96A954}"
EndProject
Project("{FAE04EC0-301F-11D3-BF4B-00C04F79EFBC}") = "04. Print A Deck", "04. Print A Deck\04. Print A Deck.csproj", "{E42D3380-5163-4114-886A-2ED03E558E9C}"
EndProject
Project("{FAE04EC0-301F-11D3-BF4B-00C04F79EFBC}") = "05. Calculate", "05. Calculate\05. Calculate.csproj", "{7B2D14D1-A02C-46D3-8D7B-D04754E23DC3}"
EndProject
Project("{FAE04EC0-301F-11D3-BF4B-00C04F79EFBC}") = "06. Calculate Again", "06. Calculate Again\06. Calculate Again.csproj", "{4A6C5D16-1284-49BF-8179-B4D304422646}"
EndProject
Project("{FAE04EC0-301F-11D3-BF4B-00C04F79EFBC}") = "07. Combinatorics", "07. Combinatorics\07. Combinatorics.csproj", "{53EAB1A2-C2CE-4F61-8AE0-664119C94DED}"
EndProject
Project("{FAE04EC0-301F-11D3-BF4B-00C04F79EFBC}") = "08. Catalan Numbers", "08. Catalan Numbers\08. Catalan Numbers.csproj", "{E85E2477-8C01-4A32-B10C-D8E2D491E21C}"
EndProject
Project("{FAE04EC0-301F-11D3-BF4B-00C04F79EFBC}") = "09. Matrix Of Numbers", "09. Matrix Of Numbers\09. Matrix Of Numbers.csproj", "{B4CC499D-FEB5-43D9-B25F-506BF748CB4D}"
EndProject
Project("{FAE04EC0-301F-11D3-BF4B-00C04F79EFBC}") = "10. Odd And Even Product", "10. Odd And Even Product\10. Odd And Even Product.csproj", "{F50AC8FA-250D-4DFE-8DCA-209353F28B8D}"
EndProject
Project("{FAE04EC0-301F-11D3-BF4B-00C04F79EFBC}") = "11. Binary To Decimal", "11. Binary To Decimal\11. Binary To Decimal.csproj", "{7618EBA5-C45D-402D-ABD9-A7BE50FA4269}"
EndProject
Project("{FAE04EC0-301F-11D3-BF4B-00C04F79EFBC}") = "12. Decimal To Binary", "12. Decimal To Binary\12. Decimal To Binary.csproj", "{25B17B8A-0C9C-4AED-816A-51DEA77CC777}"
EndProject
Project("{FAE04EC0-301F-11D3-BF4B-00C04F79EFBC}") = "13. Decimal To Hexadecimal", "13. Decimal To Hexadecimal\13. Decimal To Hexadecimal.csproj", "{F7074A3A-56E3-4703-81E6-E5B24DF39410}"
EndProject
Project("{FAE04EC0-301F-11D3-BF4B-00C04F79EFBC}") = "14. Hex To Decimal", "14. Hex To Decimal\14. Hex To Decimal.csproj", "{3D473714-67CB-46CD-ADB6-ABCCD3B459F3}"
EndProject
Project("{FAE04EC0-301F-11D3-BF4B-00C04F79EFBC}") = "15. GCD", "15. GCD\15. GCD.csproj", "{28512D31-9FBA-487E-8C6A-44241974E255}"
EndProject
Project("{FAE04EC0-301F-11D3-BF4B-00C04F79EFBC}") = "16. Trailing Zeroes In Factorial", "16. Trailing Zeroes In Factorial\16. Trailing Zeroes In Factorial.csproj", "{A52C8B07-B579-4AF4-94A6-237331359234}"
EndProject
Project("{FAE04EC0-301F-11D3-BF4B-00C04F79EFBC}") = "17. SpiralMatrix", "17. SpiralMatrix\17. SpiralMatrix.csproj", "{7E7D702E-BB4A-4DA4-B0F8-5718212238D7}"
EndProject
Global
	GlobalSection(SolutionConfigurationPlatforms) = preSolution
		Debug|Any CPU = Debug|Any CPU
		Release|Any CPU = Release|Any CPU
	EndGlobalSection
	GlobalSection(ProjectConfigurationPlatforms) = postSolution
		{E5C36668-C085-498C-98D2-D7E52CFA9397}.Debug|Any CPU.ActiveCfg = Debug|Any CPU
		{E5C36668-C085-498C-98D2-D7E52CFA9397}.Debug|Any CPU.Build.0 = Debug|Any CPU
		{E5C36668-C085-498C-98D2-D7E52CFA9397}.Release|Any CPU.ActiveCfg = Release|Any CPU
		{E5C36668-C085-498C-98D2-D7E52CFA9397}.Release|Any CPU.Build.0 = Release|Any CPU
		{9DCDD821-151F-4670-B7AD-A1A482DF59EF}.Debug|Any CPU.ActiveCfg = Debug|Any CPU
		{9DCDD821-151F-4670-B7AD-A1A482DF59EF}.Debug|Any CPU.Build.0 = Debug|Any CPU
		{9DCDD821-151F-4670-B7AD-A1A482DF59EF}.Release|Any CPU.ActiveCfg = Release|Any CPU
		{9DCDD821-151F-4670-B7AD-A1A482DF59EF}.Release|Any CPU.Build.0 = Release|Any CPU
		{28B73DB5-C640-4C65-8C2F-99128E96A954}.Debug|Any CPU.ActiveCfg = Debug|Any CPU
		{28B73DB5-C640-4C65-8C2F-99128E96A954}.Debug|Any CPU.Build.0 = Debug|Any CPU
		{28B73DB5-C640-4C65-8C2F-99128E96A954}.Release|Any CPU.ActiveCfg = Release|Any CPU
		{28B73DB5-C640-4C65-8C2F-99128E96A954}.Release|Any CPU.Build.0 = Release|Any CPU
		{E42D3380-5163-4114-886A-2ED03E558E9C}.Debug|Any CPU.ActiveCfg = Debug|Any CPU
		{E42D3380-5163-4114-886A-2ED03E558E9C}.Debug|Any CPU.Build.0 = Debug|Any CPU
		{E42D3380-5163-4114-886A-2ED03E558E9C}.Release|Any CPU.ActiveCfg = Release|Any CPU
		{E42D3380-5163-4114-886A-2ED03E558E9C}.Release|Any CPU.Build.0 = Release|Any CPU
		{7B2D14D1-A02C-46D3-8D7B-D04754E23DC3}.Debug|Any CPU.ActiveCfg = Debug|Any CPU
		{7B2D14D1-A02C-46D3-8D7B-D04754E23DC3}.Debug|Any CPU.Build.0 = Debug|Any CPU
		{7B2D14D1-A02C-46D3-8D7B-D04754E23DC3}.Release|Any CPU.ActiveCfg = Release|Any CPU
		{7B2D14D1-A02C-46D3-8D7B-D04754E23DC3}.Release|Any CPU.Build.0 = Release|Any CPU
		{4A6C5D16-1284-49BF-8179-B4D304422646}.Debug|Any CPU.ActiveCfg = Debug|Any CPU
		{4A6C5D16-1284-49BF-8179-B4D304422646}.Debug|Any CPU.Build.0 = Debug|Any CPU
		{4A6C5D16-1284-49BF-8179-B4D304422646}.Release|Any CPU.ActiveCfg = Release|Any CPU
		{4A6C5D16-1284-49BF-8179-B4D304422646}.Release|Any CPU.Build.0 = Release|Any CPU
		{53EAB1A2-C2CE-4F61-8AE0-664119C94DED}.Debug|Any CPU.ActiveCfg = Debug|Any CPU
		{53EAB1A2-C2CE-4F61-8AE0-664119C94DED}.Debug|Any CPU.Build.0 = Debug|Any CPU
		{53EAB1A2-C2CE-4F61-8AE0-664119C94DED}.Release|Any CPU.ActiveCfg = Release|Any CPU
		{53EAB1A2-C2CE-4F61-8AE0-664119C94DED}.Release|Any CPU.Build.0 = Release|Any CPU
		{E85E2477-8C01-4A32-B10C-D8E2D491E21C}.Debug|Any CPU.ActiveCfg = Debug|Any CPU
		{E85E2477-8C01-4A32-B10C-D8E2D491E21C}.Debug|Any CPU.Build.0 = Debug|Any CPU
		{E85E2477-8C01-4A32-B10C-D8E2D491E21C}.Release|Any CPU.ActiveCfg = Release|Any CPU
		{E85E2477-8C01-4A32-B10C-D8E2D491E21C}.Release|Any CPU.Build.0 = Release|Any CPU
		{B4CC499D-FEB5-43D9-B25F-506BF748CB4D}.Debug|Any CPU.ActiveCfg = Debug|Any CPU
		{B4CC499D-FEB5-43D9-B25F-506BF748CB4D}.Debug|Any CPU.Build.0 = Debug|Any CPU
		{B4CC499D-FEB5-43D9-B25F-506BF748CB4D}.Release|Any CPU.ActiveCfg = Release|Any CPU
		{B4CC499D-FEB5-43D9-B25F-506BF748CB4D}.Release|Any CPU.Build.0 = Release|Any CPU
		{F50AC8FA-250D-4DFE-8DCA-209353F28B8D}.Debug|Any CPU.ActiveCfg = Debug|Any CPU
		{F50AC8FA-250D-4DFE-8DCA-209353F28B8D}.Debug|Any CPU.Build.0 = Debug|Any CPU
		{F50AC8FA-250D-4DFE-8DCA-209353F28B8D}.Release|Any CPU.ActiveCfg = Release|Any CPU
		{F50AC8FA-250D-4DFE-8DCA-209353F28B8D}.Release|Any CPU.Build.0 = Release|Any CPU
		{7618EBA5-C45D-402D-ABD9-A7BE50FA4269}.Debug|Any CPU.ActiveCfg = Debug|Any CPU
		{7618EBA5-C45D-402D-ABD9-A7BE50FA4269}.Debug|Any CPU.Build.0 = Debug|Any CPU
		{7618EBA5-C45D-402D-ABD9-A7BE50FA4269}.Release|Any CPU.ActiveCfg = Release|Any CPU
		{7618EBA5-C45D-402D-ABD9-A7BE50FA4269}.Release|Any CPU.Build.0 = Release|Any CPU
		{25B17B8A-0C9C-4AED-816A-51DEA77CC777}.Debug|Any CPU.ActiveCfg = Debug|Any CPU
		{25B17B8A-0C9C-4AED-816A-51DEA77CC777}.Debug|Any CPU.Build.0 = Debug|Any CPU
		{25B17B8A-0C9C-4AED-816A-51DEA77CC777}.Release|Any CPU.ActiveCfg = Release|Any CPU
		{25B17B8A-0C9C-4AED-816A-51DEA77CC777}.Release|Any CPU.Build.0 = Release|Any CPU
		{F7074A3A-56E3-4703-81E6-E5B24DF39410}.Debug|Any CPU.ActiveCfg = Debug|Any CPU
		{F7074A3A-56E3-4703-81E6-E5B24DF39410}.Debug|Any CPU.Build.0 = Debug|Any CPU
		{F7074A3A-56E3-4703-81E6-E5B24DF39410}.Release|Any CPU.ActiveCfg = Release|Any CPU
		{F7074A3A-56E3-4703-81E6-E5B24DF39410}.Release|Any CPU.Build.0 = Release|Any CPU
		{3D473714-67CB-46CD-ADB6-ABCCD3B459F3}.Debug|Any CPU.ActiveCfg = Debug|Any CPU
		{3D473714-67CB-46CD-ADB6-ABCCD3B459F3}.Debug|Any CPU.Build.0 = Debug|Any CPU
		{3D473714-67CB-46CD-ADB6-ABCCD3B459F3}.Release|Any CPU.ActiveCfg = Release|Any CPU
		{3D473714-67CB-46CD-ADB6-ABCCD3B459F3}.Release|Any CPU.Build.0 = Release|Any CPU
		{28512D31-9FBA-487E-8C6A-44241974E255}.Debug|Any CPU.ActiveCfg = Debug|Any CPU
		{28512D31-9FBA-487E-8C6A-44241974E255}.Debug|Any CPU.Build.0 = Debug|Any CPU
		{28512D31-9FBA-487E-8C6A-44241974E255}.Release|Any CPU.ActiveCfg = Release|Any CPU
		{28512D31-9FBA-487E-8C6A-44241974E255}.Release|Any CPU.Build.0 = Release|Any CPU
		{A52C8B07-B579-4AF4-94A6-237331359234}.Debug|Any CPU.ActiveCfg = Debug|Any CPU
		{A52C8B07-B579-4AF4-94A6-237331359234}.Debug|Any CPU.Build.0 = Debug|Any CPU
		{A52C8B07-B579-4AF4-94A6-237331359234}.Release|Any CPU.ActiveCfg = Release|Any CPU
		{A52C8B07-B579-4AF4-94A6-237331359234}.Release|Any CPU.Build.0 = Release|Any CPU
		{7E7D702E-BB4A-4DA4-B0F8-5718212238D7}.Debug|Any CPU.ActiveCfg = Debug|Any CPU
		{7E7D702E-BB4A-4DA4-B0F8-5718212238D7}.Debug|Any CPU.Build.0 = Debug|Any CPU
		{7E7D702E-BB4A-4DA4-B0F8-5718212238D7}.Release|Any CPU.ActiveCfg = Release|Any CPU
		{7E7D702E-BB4A-4DA4-B0F8-5718212238D7}.Release|Any CPU.Build.0 = Release|Any CPU
	EndGlobalSection
	GlobalSection(SolutionProperties) = preSolution
		HideSolutionNode = FALSE
	EndGlobalSection
EndGlobal
